
Microsoft Visual Studio Solution File, Format Version 12.00
# Visual Studio Version 16
VisualStudioVersion = 16.0.30011.22
MinimumVisualStudioVersion = 10.0.40219.1
Project("{FAE04EC0-301F-11D3-BF4B-00C04F79EFBC}") = "Starint", "Starint\Starint.csproj", "{F6E41687-1D93-40CE-BD55-E8D1B0E21CCB}"
EndProject
Global
	GlobalSection(SolutionConfigurationPlatforms) = preSolution
		Debug|Any CPU = Debug|Any CPU
		Release|Any CPU = Release|Any CPU
	EndGlobalSection
	GlobalSection(ProjectConfigurationPlatforms) = postSolution
		{F6E41687-1D93-40CE-BD55-E8D1B0E21CCB}.Debug|Any CPU.ActiveCfg = Debug|Any CPU
		{F6E41687-1D93-40CE-BD55-E8D1B0E21CCB}.Debug|Any CPU.Build.0 = Debug|Any CPU
		{F6E41687-1D93-40CE-BD55-E8D1B0E21CCB}.Release|Any CPU.ActiveCfg = Release|Any CPU
		{F6E41687-1D93-40CE-BD55-E8D1B0E21CCB}.Release|Any CPU.Build.0 = Release|Any CPU
	EndGlobalSection
	GlobalSection(SolutionProperties) = preSolution
		HideSolutionNode = FALSE
	EndGlobalSection
	GlobalSection(ExtensibilityGlobals) = postSolution
		SolutionGuid = {A8E69A5F-1ABE-479A-BBC5-FC7C80569F0E}
	EndGlobalSection
EndGlobal
